{
  "name": "job-application-system",
  "version": "1.0.0",
  "lockfileVersion": 3,
  "requires": true,
  "packages": {
    "": {
      "name": "job-application-system",
      "version": "1.0.0",
      "workspaces": [
        "packages/*",
        "apps/*"
      ],
      "engines": {
        "node": ">=20.0.0",
        "npm": ">=10.0.0"
      }
    },
    "apps/n8n-workflows": {
      "name": "@job-app/n8n-workflows",
      "version": "1.0.0"
    },
    "apps/web": {
      "name": "@job-app/web",
      "version": "1.0.0"
    },
    "node_modules/@job-app/config": {
      "resolved": "packages/config",
      "link": true
    },
    "node_modules/@job-app/database": {
      "resolved": "packages/database",
      "link": true
    },
    "node_modules/@job-app/n8n-workflows": {
      "resolved": "apps/n8n-workflows",
      "link": true
    },
    "node_modules/@job-app/types": {
      "resolved": "packages/types",
      "link": true
    },
    "node_modules/@job-app/web": {
      "resolved": "apps/web",
      "link": true
    },
    "packages/config": {
      "name": "@job-app/config",
      "version": "1.0.0"
    },
    "packages/database": {
      "name": "@job-app/database",
      "version": "1.0.0"
    },
    "packages/types": {
      "name": "@job-app/types",
      "version": "1.0.0"
    }
  }
}
